
Microsoft Visual Studio Solution File, Format Version 12.00
# Visual Studio Version 16
VisualStudioVersion = 16.0.29926.136
MinimumVisualStudioVersion = 10.0.40219.1
Project("{9A19103F-16F7-4668-BE54-9A1E7A4F7556}") = "ExcelHelper_2.0", "ExcelHelper_2.0\ExcelHelper_2.0.csproj", "{735D0340-758E-4188-83A9-3959625E8F0E}"
EndProject
Project("{FAE04EC0-301F-11D3-BF4B-00C04F79EFBC}") = "ExcelHelperTests.Unit", "ExcelHelperTests.Unit\ExcelHelperTests.Unit.csproj", "{1D369BEB-9193-4FD1-8540-28997A4849F1}"
EndProject
Global
	GlobalSection(SolutionConfigurationPlatforms) = preSolution
		Debug|Any CPU = Debug|Any CPU
		Release|Any CPU = Release|Any CPU
	EndGlobalSection
	GlobalSection(ProjectConfigurationPlatforms) = postSolution
		{735D0340-758E-4188-83A9-3959625E8F0E}.Debug|Any CPU.ActiveCfg = Debug|Any CPU
		{735D0340-758E-4188-83A9-3959625E8F0E}.Debug|Any CPU.Build.0 = Debug|Any CPU
		{735D0340-758E-4188-83A9-3959625E8F0E}.Release|Any CPU.ActiveCfg = Release|Any CPU
		{735D0340-758E-4188-83A9-3959625E8F0E}.Release|Any CPU.Build.0 = Release|Any CPU
		{1D369BEB-9193-4FD1-8540-28997A4849F1}.Debug|Any CPU.ActiveCfg = Debug|Any CPU
		{1D369BEB-9193-4FD1-8540-28997A4849F1}.Debug|Any CPU.Build.0 = Debug|Any CPU
		{1D369BEB-9193-4FD1-8540-28997A4849F1}.Release|Any CPU.ActiveCfg = Release|Any CPU
		{1D369BEB-9193-4FD1-8540-28997A4849F1}.Release|Any CPU.Build.0 = Release|Any CPU
	EndGlobalSection
	GlobalSection(SolutionProperties) = preSolution
		HideSolutionNode = FALSE
	EndGlobalSection
	GlobalSection(ExtensibilityGlobals) = postSolution
		SolutionGuid = {00F60FA2-05F8-4D3C-8B2F-6019C0904B93}
	EndGlobalSection
EndGlobal
